
Microsoft Visual Studio Solution File, Format Version 12.00
Project("{FAE04EC0-301F-11D3-BF4B-00C04F79EFBC}") = "WebApplication2", "WebApplication2.csproj", "{92AE7501-88E3-4590-889A-9E9A0307DB6D}"
EndProject
Global
	GlobalSection(SolutionConfigurationPlatforms) = preSolution
		Debug|Any CPU = Debug|Any CPU
		Release|Any CPU = Release|Any CPU
	EndGlobalSection
	GlobalSection(ProjectConfigurationPlatforms) = postSolution
		{92AE7501-88E3-4590-889A-9E9A0307DB6D}.Debug|Any CPU.ActiveCfg = Debug|Any CPU
		{92AE7501-88E3-4590-889A-9E9A0307DB6D}.Debug|Any CPU.Build.0 = Debug|Any CPU
		{92AE7501-88E3-4590-889A-9E9A0307DB6D}.Release|Any CPU.ActiveCfg = Release|Any CPU
		{92AE7501-88E3-4590-889A-9E9A0307DB6D}.Release|Any CPU.Build.0 = Release|Any CPU
	EndGlobalSection
EndGlobal
